// !$*UTF8*$!
{
	archiveVersion = 1;
	classes = {
	};
	objectVersion = 77;
	objects = {

/* Begin PBXBuildFile section */
		136530E5B471C77267ABEC1D /* RigRationale.swift in Sources */ = {isa = PBXBuildFile; fileRef = B25661CC745A26ABB805F12E /* RigRationale.swift */; };
		1DA544990BE34E637277851A /* WhyThisRigView.swift in Sources */ = {isa = PBXBuildFile; fileRef = 51F1C74E7FA53E93079BFFDE /* WhyThisRigView.swift */; };
		1E42C0D851C75D52FBC9F9AF /* RigRecommendationView.swift in Sources */ = {isa = PBXBuildFile; fileRef = FCA6A2A177C98F42A70ECF6B /* RigRecommendationView.swift */; };
		569AED35C4C535957AD13606 /* FlyPatternPhotoLibrary.swift in Sources */ = {isa = PBXBuildFile; fileRef = 292F7FB97DADFD1D345EDB49 /* FlyPatternPhotoLibrary.swift */; };
		9480A34C70EABA6F1170B5D5 /* WaterTempGuidance.swift in Sources */ = {isa = PBXBuildFile; fileRef = 6709D184DFDD9EA575E43688 /* WaterTempGuidance.swift */; };
		C41BBDC4CABC33521A6DFE21 /* FlyPatternGalleryView.swift in Sources */ = {isa = PBXBuildFile; fileRef = 76FA81B2485FC0B6051005A4 /* FlyPatternGalleryView.swift */; };
		CCB16B74EA8C645635A884A2 /* FlyFishingRigModels.swift in Sources */ = {isa = PBXBuildFile; fileRef = C9CEB57CCD972509C905FAFB /* FlyFishingRigModels.swift */; };
		F08C912788FAEA2A6EF8DEBD /* DriftLogicApp.swift in Sources */ = {isa = PBXBuildFile; fileRef = 4947F99074C4226326815949 /* DriftLogicApp.swift */; };
		F0DFBA3D59437D16E20C03FD /* FishingConditionDefinitions.swift in Sources */ = {isa = PBXBuildFile; fileRef = 688DA34ECD02B6AAA521BFC0 /* FishingConditionDefinitions.swift */; };
/* End PBXBuildFile section */

/* Begin PBXFileReference section */
		292F7FB97DADFD1D345EDB49 /* FlyPatternPhotoLibrary.swift */ = {isa = PBXFileReference; lastKnownFileType = sourcecode.swift; path = FlyPatternPhotoLibrary.swift; sourceTree = "<group>"; };
		4947F99074C4226326815949 /* DriftLogicApp.swift */ = {isa = PBXFileReference; lastKnownFileType = sourcecode.swift; path = DriftLogicApp.swift; sourceTree = "<group>"; };
		51F1C74E7FA53E93079BFFDE /* WhyThisRigView.swift */ = {isa = PBXFileReference; lastKnownFileType = sourcecode.swift; path = WhyThisRigView.swift; sourceTree = "<group>"; };
		6709D184DFDD9EA575E43688 /* WaterTempGuidance.swift */ = {isa = PBXFileReference; lastKnownFileType = sourcecode.swift; path = WaterTempGuidance.swift; sourceTree = "<group>"; };
		688DA34ECD02B6AAA521BFC0 /* FishingConditionDefinitions.swift */ = {isa = PBXFileReference; lastKnownFileType = sourcecode.swift; path = FishingConditionDefinitions.swift; sourceTree = "<group>"; };
		76FA81B2485FC0B6051005A4 /* FlyPatternGalleryView.swift */ = {isa = PBXFileReference; lastKnownFileType = sourcecode.swift; path = FlyPatternGalleryView.swift; sourceTree = "<group>"; };
		90A984C3199CE41C6290E15E /* DriftLogic.app */ = {isa = PBXFileReference; includeInIndex = 0; lastKnownFileType = wrapper.application; path = DriftLogic.app; sourceTree = BUILT_PRODUCTS_DIR; };
		B25661CC745A26ABB805F12E /* RigRationale.swift */ = {isa = PBXFileReference; lastKnownFileType = sourcecode.swift; path = RigRationale.swift; sourceTree = "<group>"; };
		C9CEB57CCD972509C905FAFB /* FlyFishingRigModels.swift */ = {isa = PBXFileReference; lastKnownFileType = sourcecode.swift; path = FlyFishingRigModels.swift; sourceTree = "<group>"; };
		FCA6A2A177C98F42A70ECF6B /* RigRecommendationView.swift */ = {isa = PBXFileReference; lastKnownFileType = sourcecode.swift; path = RigRecommendationView.swift; sourceTree = "<group>"; };
/* End PBXFileReference section */

/* Begin PBXGroup section */
		0EACE7847AB13653FFD7BAFE = {
			isa = PBXGroup;
			children = (
				79EF4E6C7B804599CB806F57 /* DriftLogic */,
				9BBA7639B9A97D36B2728357 /* Products */,
			);
			sourceTree = "<group>";
		};
		79EF4E6C7B804599CB806F57 /* DriftLogic */ = {
			isa = PBXGroup;
			children = (
				4947F99074C4226326815949 /* DriftLogicApp.swift */,
				9C2DC15E0AF32FAD9DF05996 /* Models */,
				D3D6F0C03120471ADCE8710F /* Views */,
			);
			path = DriftLogic;
			sourceTree = "<group>";
		};
		9BBA7639B9A97D36B2728357 /* Products */ = {
			isa = PBXGroup;
			children = (
				90A984C3199CE41C6290E15E /* DriftLogic.app */,
			);
			name = Products;
			sourceTree = "<group>";
		};
		9C2DC15E0AF32FAD9DF05996 /* Models */ = {
			isa = PBXGroup;
			children = (
				688DA34ECD02B6AAA521BFC0 /* FishingConditionDefinitions.swift */,
				C9CEB57CCD972509C905FAFB /* FlyFishingRigModels.swift */,
				292F7FB97DADFD1D345EDB49 /* FlyPatternPhotoLibrary.swift */,
				B25661CC745A26ABB805F12E /* RigRationale.swift */,
				6709D184DFDD9EA575E43688 /* WaterTempGuidance.swift */,
			);
			path = Models;
			sourceTree = "<group>";
		};
		D3D6F0C03120471ADCE8710F /* Views */ = {
			isa = PBXGroup;
			children = (
				76FA81B2485FC0B6051005A4 /* FlyPatternGalleryView.swift */,
				FCA6A2A177C98F42A70ECF6B /* RigRecommendationView.swift */,
				51F1C74E7FA53E93079BFFDE /* WhyThisRigView.swift */,
			);
			path = Views;
			sourceTree = "<group>";
		};
/* End PBXGroup section */

/* Begin PBXNativeTarget section */
		A5BA3E302790254490A90B1A /* DriftLogic */ = {
			isa = PBXNativeTarget;
			buildConfigurationList = 4F01F2471C9D3D956C423826 /* Build configuration list for PBXNativeTarget "DriftLogic" */;
			buildPhases = (
				E274A966389CAAFC531CDB59 /* Sources */,
			);
			buildRules = (
			);
			dependencies = (
			);
			name = DriftLogic;
			packageProductDependencies = (
			);
			productName = DriftLogic;
			productReference = 90A984C3199CE41C6290E15E /* DriftLogic.app */;
			productType = "com.apple.product-type.application";
		};
/* End PBXNativeTarget section */

/* Begin PBXProject section */
		8F0A2BA987D1A29030D69228 /* Project object */ = {
			isa = PBXProject;
			attributes = {
				BuildIndependentTargetsInParallel = YES;
				LastUpgradeCheck = 1600;
			};
			buildConfigurationList = 5A6E1A542E463F0885A5A839 /* Build configuration list for PBXProject "DriftLogic" */;
			compatibilityVersion = "Xcode 14.0";
			developmentRegion = en;
			hasScannedForEncodings = 0;
			knownRegions = (
				Base,
				en,
			);
			mainGroup = 0EACE7847AB13653FFD7BAFE;
			minimizedProjectReferenceProxies = 1;
			preferredProjectObjectVersion = 77;
			projectDirPath = "";
			projectRoot = "";
			targets = (
				A5BA3E302790254490A90B1A /* DriftLogic */,
			);
		};
/* End PBXProject section */

/* Begin PBXSourcesBuildPhase section */
		E274A966389CAAFC531CDB59 /* Sources */ = {
			isa = PBXSourcesBuildPhase;
			buildActionMask = 2147483647;
			files = (
				F08C912788FAEA2A6EF8DEBD /* DriftLogicApp.swift in Sources */,
				F0DFBA3D59437D16E20C03FD /* FishingConditionDefinitions.swift in Sources */,
				CCB16B74EA8C645635A884A2 /* FlyFishingRigModels.swift in Sources */,
				C41BBDC4CABC33521A6DFE21 /* FlyPatternGalleryView.swift in Sources */,
				569AED35C4C535957AD13606 /* FlyPatternPhotoLibrary.swift in Sources */,
				136530E5B471C77267ABEC1D /* RigRationale.swift in Sources */,
				1E42C0D851C75D52FBC9F9AF /* RigRecommendationView.swift in Sources */,
				9480A34C70EABA6F1170B5D5 /* WaterTempGuidance.swift in Sources */,
				1DA544990BE34E637277851A /* WhyThisRigView.swift in Sources */,
			);
			runOnlyForDeploymentPostprocessing = 0;
		};
/* End PBXSourcesBuildPhase section */

/* Begin XCBuildConfiguration section */
		1B3D60D9E86E1C84A5277176 /* Release */ = {
			isa = XCBuildConfiguration;
			buildSettings = {
				ALWAYS_SEARCH_USER_PATHS = NO;
				CLANG_ANALYZER_NONNULL = YES;
				CLANG_ANALYZER_NUMBER_OBJECT_CONVERSION = YES_AGGRESSIVE;
				CLANG_CXX_LANGUAGE_STANDARD = "gnu++14";
				CLANG_CXX_LIBRARY = "libc++";
				CLANG_ENABLE_MODULES = YES;
				CLANG_ENABLE_OBJC_ARC = YES;
				CLANG_ENABLE_OBJC_WEAK = YES;
				CLANG_WARN_BLOCK_CAPTURE_AUTORELEASING = YES;
				CLANG_WARN_BOOL_CONVERSION = YES;
				CLANG_WARN_COMMA = YES;
				CLANG_WARN_CONSTANT_CONVERSION = YES;
				CLANG_WARN_DEPRECATED_OBJC_IMPLEMENTATIONS = YES;
				CLANG_WARN_DIRECT_OBJC_ISA_USAGE = YES_ERROR;
				CLANG_WARN_DOCUMENTATION_COMMENTS = YES;
				CLANG_WARN_EMPTY_BODY = YES;
				CLANG_WARN_ENUM_CONVERSION = YES;
				CLANG_WARN_INFINITE_RECURSION = YES;
				CLANG_WARN_INT_CONVERSION = YES;
				CLANG_WARN_NON_LITERAL_NULL_CONVERSION = YES;
				CLANG_WARN_OBJC_IMPLICIT_RETAIN_SELF = YES;
				CLANG_WARN_OBJC_LITERAL_CONVERSION = YES;
				CLANG_WARN_OBJC_ROOT_CLASS = YES_ERROR;
				CLANG_WARN_QUOTED_INCLUDE_IN_FRAMEWORK_HEADER = YES;
				CLANG_WARN_RANGE_LOOP_ANALYSIS = YES;
				CLANG_WARN_STRICT_PROTOTYPES = YES;
				CLANG_WARN_SUSPICIOUS_MOVE = YES;
				CLANG_WARN_UNGUARDED_AVAILABILITY = YES_AGGRESSIVE;
				CLANG_WARN_UNREACHABLE_CODE = YES;
				CLANG_WARN__DUPLICATE_METHOD_MATCH = YES;
				COPY_PHASE_STRIP = NO;
				DEBUG_INFORMATION_FORMAT = "dwarf-with-dsym";
				ENABLE_NS_ASSERTIONS = NO;
				ENABLE_STRICT_OBJC_MSGSEND = YES;
				GCC_C_LANGUAGE_STANDARD = gnu11;
				GCC_NO_COMMON_BLOCKS = YES;
				GCC_WARN_64_TO_32_BIT_CONVERSION = YES;
				GCC_WARN_ABOUT_RETURN_TYPE = YES_ERROR;
				GCC_WARN_UNDECLARED_SELECTOR = YES;
				GCC_WARN_UNINITIALIZED_AUTOS = YES_AGGRESSIVE;
				GCC_WARN_UNUSED_FUNCTION = YES;
				GCC_WARN_UNUSED_VARIABLE = YES;
				IPHONEOS_DEPLOYMENT_TARGET = 17.0;
				MTL_ENABLE_DEBUG_INFO = NO;
				MTL_FAST_MATH = YES;
				PRODUCT_NAME = "$(TARGET_NAME)";
				SDKROOT = iphoneos;
				SWIFT_COMPILATION_MODE = wholemodule;
				SWIFT_OPTIMIZATION_LEVEL = "-O";
				SWIFT_VERSION = 5.0;
			};
			name = Release;
		};
		216CC6D5D1B15444961AA836 /* Debug */ = {
			isa = XCBuildConfiguration;
			buildSettings = {
				ALWAYS_SEARCH_USER_PATHS = NO;
				CLANG_ANALYZER_NONNULL = YES;
				CLANG_ANALYZER_NUMBER_OBJECT_CONVERSION = YES_AGGRESSIVE;
				CLANG_CXX_LANGUAGE_STANDARD = "gnu++14";
				CLANG_CXX_LIBRARY = "libc++";
				CLANG_ENABLE_MODULES = YES;
				CLANG_ENABLE_OBJC_ARC = YES;
				CLANG_ENABLE_OBJC_WEAK = YES;
				CLANG_WARN_BLOCK_CAPTURE_AUTORELEASING = YES;
				CLANG_WARN_BOOL_CONVERSION = YES;
				CLANG_WARN_COMMA = YES;
				CLANG_WARN_CONSTANT_CONVERSION = YES;
				CLANG_WARN_DEPRECATED_OBJC_IMPLEMENTATIONS = YES;
				CLANG_WARN_DIRECT_OBJC_ISA_USAGE = YES_ERROR;
				CLANG_WARN_DOCUMENTATION_COMMENTS = YES;
				CLANG_WARN_EMPTY_BODY = YES;
				CLANG_WARN_ENUM_CONVERSION = YES;
				CLANG_WARN_INFINITE_RECURSION = YES;
				CLANG_WARN_INT_CONVERSION = YES;
				CLANG_WARN_NON_LITERAL_NULL_CONVERSION = YES;
				CLANG_WARN_OBJC_IMPLICIT_RETAIN_SELF = YES;
				CLANG_WARN_OBJC_LITERAL_CONVERSION = YES;
				CLANG_WARN_OBJC_ROOT_CLASS = YES_ERROR;
				CLANG_WARN_QUOTED_INCLUDE_IN_FRAMEWORK_HEADER = YES;
				CLANG_WARN_RANGE_LOOP_ANALYSIS = YES;
				CLANG_WARN_STRICT_PROTOTYPES = YES;
				CLANG_WARN_SUSPICIOUS_MOVE = YES;
				CLANG_WARN_UNGUARDED_AVAILABILITY = YES_AGGRESSIVE;
				CLANG_WARN_UNREACHABLE_CODE = YES;
				CLANG_WARN__DUPLICATE_METHOD_MATCH = YES;
				COPY_PHASE_STRIP = NO;
				DEBUG_INFORMATION_FORMAT = dwarf;
				ENABLE_STRICT_OBJC_MSGSEND = YES;
				ENABLE_TESTABILITY = YES;
				GCC_C_LANGUAGE_STANDARD = gnu11;
				GCC_DYNAMIC_NO_PIC = NO;
				GCC_NO_COMMON_BLOCKS = YES;
				GCC_OPTIMIZATION_LEVEL = 0;
				GCC_PREPROCESSOR_DEFINITIONS = (
					"$(inherited)",
					"DEBUG=1",
				);
				GCC_WARN_64_TO_32_BIT_CONVERSION = YES;
				GCC_WARN_ABOUT_RETURN_TYPE = YES_ERROR;
				GCC_WARN_UNDECLARED_SELECTOR = YES;
				GCC_WARN_UNINITIALIZED_AUTOS = YES_AGGRESSIVE;
				GCC_WARN_UNUSED_FUNCTION = YES;
				GCC_WARN_UNUSED_VARIABLE = YES;
				IPHONEOS_DEPLOYMENT_TARGET = 17.0;
				MTL_ENABLE_DEBUG_INFO = INCLUDE_SOURCE;
				MTL_FAST_MATH = YES;
				ONLY_ACTIVE_ARCH = YES;
				PRODUCT_NAME = "$(TARGET_NAME)";
				SDKROOT = iphoneos;
				SWIFT_ACTIVE_COMPILATION_CONDITIONS = DEBUG;
				SWIFT_OPTIMIZATION_LEVEL = "-Onone";
				SWIFT_VERSION = 5.0;
			};
			name = Debug;
		};
		851125E4F2137E589BDD4B64 /* Debug */ = {
			isa = XCBuildConfiguration;
			buildSettings = {
				ASSETCATALOG_COMPILER_APPICON_NAME = AppIcon;
				CODE_SIGN_IDENTITY = "iPhone Developer";
				CURRENT_PROJECT_VERSION = 1;
				GENERATE_INFOPLIST_FILE = YES;
				INFOPLIST_KEY_UIApplicationSceneManifest_Generation = YES;
				INFOPLIST_KEY_UILaunchScreen_Generation = YES;
				INFOPLIST_KEY_UISupportedInterfaceOrientations_iPhone = UIInterfaceOrientationPortrait;
				LD_RUNPATH_SEARCH_PATHS = (
					"$(inherited)",
					"@executable_path/Frameworks",
				);
				MARKETING_VERSION = 1.0;
				PRODUCT_BUNDLE_IDENTIFIER = com.driftlogic.app;
				SDKROOT = iphoneos;
				SWIFT_VERSION = 5.0;
				TARGETED_DEVICE_FAMILY = "1,2";
			};
			name = Debug;
		};
		94552776A0801C90B538E4A6 /* Release */ = {
			isa = XCBuildConfiguration;
			buildSettings = {
				ASSETCATALOG_COMPILER_APPICON_NAME = AppIcon;
				CODE_SIGN_IDENTITY = "iPhone Developer";
				CURRENT_PROJECT_VERSION = 1;
				GENERATE_INFOPLIST_FILE = YES;
				INFOPLIST_KEY_UIApplicationSceneManifest_Generation = YES;
				INFOPLIST_KEY_UILaunchScreen_Generation = YES;
				INFOPLIST_KEY_UISupportedInterfaceOrientations_iPhone = UIInterfaceOrientationPortrait;
				LD_RUNPATH_SEARCH_PATHS = (
					"$(inherited)",
					"@executable_path/Frameworks",
				);
				MARKETING_VERSION = 1.0;
				PRODUCT_BUNDLE_IDENTIFIER = com.driftlogic.app;
				SDKROOT = iphoneos;
				SWIFT_VERSION = 5.0;
				TARGETED_DEVICE_FAMILY = "1,2";
			};
			name = Release;
		};
/* End XCBuildConfiguration section */

/* Begin XCConfigurationList section */
		4F01F2471C9D3D956C423826 /* Build configuration list for PBXNativeTarget "DriftLogic" */ = {
			isa = XCConfigurationList;
			buildConfigurations = (
				851125E4F2137E589BDD4B64 /* Debug */,
				94552776A0801C90B538E4A6 /* Release */,
			);
			defaultConfigurationIsVisible = 0;
			defaultConfigurationName = Debug;
		};
		5A6E1A542E463F0885A5A839 /* Build configuration list for PBXProject "DriftLogic" */ = {
			isa = XCConfigurationList;
			buildConfigurations = (
				216CC6D5D1B15444961AA836 /* Debug */,
				1B3D60D9E86E1C84A5277176 /* Release */,
			);
			defaultConfigurationIsVisible = 0;
			defaultConfigurationName = Debug;
		};
/* End XCConfigurationList section */
	};
	rootObject = 8F0A2BA987D1A29030D69228 /* Project object */;
}
